{
  "name": "usar_modulo",
  "version": "1.0.0",
  "lockfileVersion": 2,
  "requires": true,
  "packages": {
    "": {
      "name": "usar_modulo",
      "version": "1.0.0",
      "license": "ISC",
      "dependencies": {
        "tech-cdg-pmn0001": "^1.0.0"
      }
    },
    "node_modules/tech-cdg-pmn0001": {
      "version": "1.0.2",
      "resolved": "https://registry.npmjs.org/tech-cdg-pmn0001/-/tech-cdg-pmn0001-1.0.2.tgz",
      "integrity": "sha512-AAUFYS/zTu3yNNuAkoC//lzGaOIzXYIVZl3meGzrbpW02hRlP6S6GFPt4+qP6TLShvFZ+bxrXtcMWStljTDueg=="
    }
  },
  "dependencies": {
    "tech-cdg-pmn0001": {
      "version": "1.0.2",
      "resolved": "https://registry.npmjs.org/tech-cdg-pmn0001/-/tech-cdg-pmn0001-1.0.2.tgz",
      "integrity": "sha512-AAUFYS/zTu3yNNuAkoC//lzGaOIzXYIVZl3meGzrbpW02hRlP6S6GFPt4+qP6TLShvFZ+bxrXtcMWStljTDueg=="
    }
  }
}
